// !$*UTF8*$!
{
	archiveVersion = 1;
	classes = {
	};
	objectVersion = 46;
	objects = {

/* Begin PBXBuildFile section */
		1489245A2065FC11007D64DC /* main.m in Sources */ = {isa = PBXBuildFile; fileRef = 148924592065FC11007D64DC /* main.m */; };
		148924622065FC20007D64DC /* Student.m in Sources */ = {isa = PBXBuildFile; fileRef = 148924612065FC20007D64DC /* Student.m */; };
		148924652065FD17007D64DC /* Book.m in Sources */ = {isa = PBXBuildFile; fileRef = 148924642065FD17007D64DC /* Book.m */; };
/* End PBXBuildFile section */

/* Begin PBXCopyFilesBuildPhase section */
		148924542065FC11007D64DC /* CopyFiles */ = {
			isa = PBXCopyFilesBuildPhase;
			buildActionMask = 2147483647;
			dstPath = /usr/share/man/man1/;
			dstSubfolderSpec = 0;
			files = (
			);
			runOnlyForDeploymentPostprocessing = 1;
		};
/* End PBXCopyFilesBuildPhase section */

/* Begin PBXFileReference section */
		148924562065FC11007D64DC /* SHPractice-MemoryManage */ = {isa = PBXFileReference; explicitFileType = "compiled.mach-o.executable"; includeInIndex = 0; path = "SHPractice-MemoryManage"; sourceTree = BUILT_PRODUCTS_DIR; };
		148924592065FC11007D64DC /* main.m */ = {isa = PBXFileReference; lastKnownFileType = sourcecode.c.objc; path = main.m; sourceTree = "<group>"; };
		148924602065FC20007D64DC /* Student.h */ = {isa = PBXFileReference; fileEncoding = 4; lastKnownFileType = sourcecode.c.h; path = Student.h; sourceTree = "<group>"; };
		148924612065FC20007D64DC /* Student.m */ = {isa = PBXFileReference; fileEncoding = 4; lastKnownFileType = sourcecode.c.objc; path = Student.m; sourceTree = "<group>"; };
		148924632065FD17007D64DC /* Book.h */ = {isa = PBXFileReference; fileEncoding = 4; lastKnownFileType = sourcecode.c.h; path = Book.h; sourceTree = "<group>"; };
		148924642065FD17007D64DC /* Book.m */ = {isa = PBXFileReference; fileEncoding = 4; lastKnownFileType = sourcecode.c.objc; path = Book.m; sourceTree = "<group>"; };
/* End PBXFileReference section */

/* Begin PBXFrameworksBuildPhase section */
		148924532065FC11007D64DC /* Frameworks */ = {
			isa = PBXFrameworksBuildPhase;
			buildActionMask = 2147483647;
			files = (
			);
			runOnlyForDeploymentPostprocessing = 0;
		};
/* End PBXFrameworksBuildPhase section */

/* Begin PBXGroup section */
		1489244D2065FC11007D64DC = {
			isa = PBXGroup;
			children = (
				148924582065FC11007D64DC /* SHPractice-MemoryManage */,
				148924572065FC11007D64DC /* Products */,
			);
			sourceTree = "<group>";
		};
		148924572065FC11007D64DC /* Products */ = {
			isa = PBXGroup;
			children = (
				148924562065FC11007D64DC /* SHPractice-MemoryManage */,
			);
			name = Products;
			sourceTree = "<group>";
		};
		148924582065FC11007D64DC /* SHPractice-MemoryManage */ = {
			isa = PBXGroup;
			children = (
				148924592065FC11007D64DC /* main.m */,
				148924602065FC20007D64DC /* Student.h */,
				148924612065FC20007D64DC /* Student.m */,
				148924632065FD17007D64DC /* Book.h */,
				148924642065FD17007D64DC /* Book.m */,
			);
			path = "SHPractice-MemoryManage";
			sourceTree = "<group>";
		};
/* End PBXGroup section */

/* Begin PBXNativeTarget section */
		148924552065FC11007D64DC /* SHPractice-MemoryManage */ = {
			isa = PBXNativeTarget;
			buildConfigurationList = 1489245D2065FC11007D64DC /* Build configuration list for PBXNativeTarget "SHPractice-MemoryManage" */;
			buildPhases = (
				148924522065FC11007D64DC /* Sources */,
				148924532065FC11007D64DC /* Frameworks */,
				148924542065FC11007D64DC /* CopyFiles */,
			);
			buildRules = (
			);
			dependencies = (
			);
			name = "SHPractice-MemoryManage";
			productName = "SHPractice-MemoryManage";
			productReference = 148924562065FC11007D64DC /* SHPractice-MemoryManage */;
			productType = "com.apple.product-type.tool";
		};
/* End PBXNativeTarget section */

/* Begin PBXProject section */
		1489244E2065FC11007D64DC /* Project object */ = {
			isa = PBXProject;
			attributes = {
				LastUpgradeCheck = 0830;
				ORGANIZATIONNAME = yixia;
				TargetAttributes = {
					148924552065FC11007D64DC = {
						CreatedOnToolsVersion = 8.3.2;
						DevelopmentTeam = YSE3H6NFMJ;
						ProvisioningStyle = Automatic;
					};
				};
			};
			buildConfigurationList = 148924512065FC11007D64DC /* Build configuration list for PBXProject "SHPractice-MemoryManage" */;
			compatibilityVersion = "Xcode 3.2";
			developmentRegion = English;
			hasScannedForEncodings = 0;
			knownRegions = (
				en,
			);
			mainGroup = 1489244D2065FC11007D64DC;
			productRefGroup = 148924572065FC11007D64DC /* Products */;
			projectDirPath = "";
			projectRoot = "";
			targets = (
				148924552065FC11007D64DC /* SHPractice-MemoryManage */,
			);
		};
/* End PBXProject section */

/* Begin PBXSourcesBuildPhase section */
		148924522065FC11007D64DC /* Sources */ = {
			isa = PBXSourcesBuildPhase;
			buildActionMask = 2147483647;
			files = (
				1489245A2065FC11007D64DC /* main.m in Sources */,
				148924652065FD17007D64DC /* Book.m in Sources */,
				148924622065FC20007D64DC /* Student.m in Sources */,
			);
			runOnlyForDeploymentPostprocessing = 0;
		};
/* End PBXSourcesBuildPhase section */

/* Begin XCBuildConfiguration section */
		1489245B2065FC11007D64DC /* Debug */ = {
			isa = XCBuildConfiguration;
			buildSettings = {
				ALWAYS_SEARCH_USER_PATHS = NO;
				CLANG_ANALYZER_NONNULL = YES;
				CLANG_ANALYZER_NUMBER_OBJECT_CONVERSION = YES_AGGRESSIVE;
				CLANG_CXX_LANGUAGE_STANDARD = "gnu++0x";
				CLANG_CXX_LIBRARY = "libc++";
				CLANG_ENABLE_MODULES = YES;
				CLANG_ENABLE_OBJC_ARC = YES;
				CLANG_WARN_BOOL_CONVERSION = YES;
				CLANG_WARN_CONSTANT_CONVERSION = YES;
				CLANG_WARN_DIRECT_OBJC_ISA_USAGE = YES_ERROR;
				CLANG_WARN_DOCUMENTATION_COMMENTS = YES;
				CLANG_WARN_EMPTY_BODY = YES;
				CLANG_WARN_ENUM_CONVERSION = YES;
				CLANG_WARN_INFINITE_RECURSION = YES;
				CLANG_WARN_INT_CONVERSION = YES;
				CLANG_WARN_OBJC_ROOT_CLASS = YES_ERROR;
				CLANG_WARN_SUSPICIOUS_MOVE = YES;
				CLANG_WARN_UNREACHABLE_CODE = YES;
				CLANG_WARN__DUPLICATE_METHOD_MATCH = YES;
				CODE_SIGN_IDENTITY = "-";
				COPY_PHASE_STRIP = NO;
				DEBUG_INFORMATION_FORMAT = dwarf;
				ENABLE_STRICT_OBJC_MSGSEND = YES;
				ENABLE_TESTABILITY = YES;
				GCC_C_LANGUAGE_STANDARD = gnu99;
				GCC_DYNAMIC_NO_PIC = NO;
				GCC_NO_COMMON_BLOCKS = YES;
				GCC_OPTIMIZATION_LEVEL = 0;
				GCC_PREPROCESSOR_DEFINITIONS = (
					"DEBUG=1",
					"$(inherited)",
				);
				GCC_WARN_64_TO_32_BIT_CONVERSION = YES;
				GCC_WARN_ABOUT_RETURN_TYPE = YES_ERROR;
				GCC_WARN_UNDECLARED_SELECTOR = YES;
				GCC_WARN_UNINITIALIZED_AUTOS = YES_AGGRESSIVE;
				GCC_WARN_UNUSED_FUNCTION = YES;
				GCC_WARN_UNUSED_VARIABLE = YES;
				MACOSX_DEPLOYMENT_TARGET = 10.13;
				MTL_ENABLE_DEBUG_INFO = YES;
				ONLY_ACTIVE_ARCH = YES;
				SDKROOT = macosx;
			};
			name = Debug;
		};
		1489245C2065FC11007D64DC /* Release */ = {
			isa = XCBuildConfiguration;
			buildSettings = {
				ALWAYS_SEARCH_USER_PATHS = NO;
				CLANG_ANALYZER_NONNULL = YES;
				CLANG_ANALYZER_NUMBER_OBJECT_CONVERSION = YES_AGGRESSIVE;
				CLANG_CXX_LANGUAGE_STANDARD = "gnu++0x";
				CLANG_CXX_LIBRARY = "libc++";
				CLANG_ENABLE_MODULES = YES;
				CLANG_ENABLE_OBJC_ARC = YES;
				CLANG_WARN_BOOL_CONVERSION = YES;
				CLANG_WARN_CONSTANT_CONVERSION = YES;
				CLANG_WARN_DIRECT_OBJC_ISA_USAGE = YES_ERROR;
				CLANG_WARN_DOCUMENTATION_COMMENTS = YES;
				CLANG_WARN_EMPTY_BODY = YES;
				CLANG_WARN_ENUM_CONVERSION = YES;
				CLANG_WARN_INFINITE_RECURSION = YES;
				CLANG_WARN_INT_CONVERSION = YES;
				CLANG_WARN_OBJC_ROOT_CLASS = YES_ERROR;
				CLANG_WARN_SUSPICIOUS_MOVE = YES;
				CLANG_WARN_UNREACHABLE_CODE = YES;
				CLANG_WARN__DUPLICATE_METHOD_MATCH = YES;
				CODE_SIGN_IDENTITY = "-";
				COPY_PHASE_STRIP = NO;
				DEBUG_INFORMATION_FORMAT = "dwarf-with-dsym";
				ENABLE_NS_ASSERTIONS = NO;
				ENABLE_STRICT_OBJC_MSGSEND = YES;
				GCC_C_LANGUAGE_STANDARD = gnu99;
				GCC_NO_COMMON_BLOCKS = YES;
				GCC_WARN_64_TO_32_BIT_CONVERSION = YES;
				GCC_WARN_ABOUT_RETURN_TYPE = YES_ERROR;
				GCC_WARN_UNDECLARED_SELECTOR = YES;
				GCC_WARN_UNINITIALIZED_AUTOS = YES_AGGRESSIVE;
				GCC_WARN_UNUSED_FUNCTION = YES;
				GCC_WARN_UNUSED_VARIABLE = YES;
				MACOSX_DEPLOYMENT_TARGET = 10.13;
				MTL_ENABLE_DEBUG_INFO = NO;
				SDKROOT = macosx;
			};
			name = Release;
		};
		1489245E2065FC11007D64DC /* Debug */ = {
			isa = XCBuildConfiguration;
			buildSettings = {
				CLANG_ENABLE_OBJC_ARC = NO;
				DEVELOPMENT_TEAM = YSE3H6NFMJ;
				PRODUCT_NAME = "$(TARGET_NAME)";
			};
			name = Debug;
		};
		1489245F2065FC11007D64DC /* Release */ = {
			isa = XCBuildConfiguration;
			buildSettings = {
				CLANG_ENABLE_OBJC_ARC = NO;
				DEVELOPMENT_TEAM = YSE3H6NFMJ;
				PRODUCT_NAME = "$(TARGET_NAME)";
			};
			name = Release;
		};
/* End XCBuildConfiguration section */

/* Begin XCConfigurationList section */
		148924512065FC11007D64DC /* Build configuration list for PBXProject "SHPractice-MemoryManage" */ = {
			isa = XCConfigurationList;
			buildConfigurations = (
				1489245B2065FC11007D64DC /* Debug */,
				1489245C2065FC11007D64DC /* Release */,
			);
			defaultConfigurationIsVisible = 0;
			defaultConfigurationName = Release;
		};
		1489245D2065FC11007D64DC /* Build configuration list for PBXNativeTarget "SHPractice-MemoryManage" */ = {
			isa = XCConfigurationList;
			buildConfigurations = (
				1489245E2065FC11007D64DC /* Debug */,
				1489245F2065FC11007D64DC /* Release */,
			);
			defaultConfigurationIsVisible = 0;
		};
/* End XCConfigurationList section */
	};
	rootObject = 1489244E2065FC11007D64DC /* Project object */;
}
